// !$*UTF8*$!
{
	archiveVersion = 1;
	classes = {
	};
	objectVersion = 51;
	objects = {

/* Begin PBXBuildFile section */
		1F9153BA24956FB600C45437 /* AppDelegate.swift in Sources */ = {isa = PBXBuildFile; fileRef = 1F9153B924956FB600C45437 /* AppDelegate.swift */; };
		1F9153BC24956FB600C45437 /* SceneDelegate.swift in Sources */ = {isa = PBXBuildFile; fileRef = 1F9153BB24956FB600C45437 /* SceneDelegate.swift */; };
		1F9153BE24956FB600C45437 /* SignInViewController.swift in Sources */ = {isa = PBXBuildFile; fileRef = 1F9153BD24956FB600C45437 /* SignInViewController.swift */; };
		1F9153C124956FB600C45437 /* Main.storyboard in Resources */ = {isa = PBXBuildFile; fileRef = 1F9153BF24956FB600C45437 /* Main.storyboard */; };
		1F9153C424956FB600C45437 /* Gourmate_iOS.xcdatamodeld in Sources */ = {isa = PBXBuildFile; fileRef = 1F9153C224956FB600C45437 /* Gourmate_iOS.xcdatamodeld */; };
		1F9153C624956FB700C45437 /* Assets.xcassets in Resources */ = {isa = PBXBuildFile; fileRef = 1F9153C524956FB700C45437 /* Assets.xcassets */; };
		1F9153C924956FB700C45437 /* LaunchScreen.storyboard in Resources */ = {isa = PBXBuildFile; fileRef = 1F9153C724956FB700C45437 /* LaunchScreen.storyboard */; };
		34229365249BC5B00054368B /* SettingsViewController.swift in Sources */ = {isa = PBXBuildFile; fileRef = 34229364249BC5B00054368B /* SettingsViewController.swift */; };
		342293BF24A566B50054368B /* NewUserViewController.swift in Sources */ = {isa = PBXBuildFile; fileRef = 342293BE24A566B50054368B /* NewUserViewController.swift */; };
		342293C124A5686C0054368B /* UILabelPadding.swift in Sources */ = {isa = PBXBuildFile; fileRef = 342293C024A5686C0054368B /* UILabelPadding.swift */; };
		34F909C724AA49ED0025FC6D /* GoogleService-info.plist in Resources */ = {isa = PBXBuildFile; fileRef = 34F909C624AA49ED0025FC6D /* GoogleService-info.plist */; };
		34F909C924AA4B730025FC6D /* Checkbox.swift in Sources */ = {isa = PBXBuildFile; fileRef = 34F909C824AA4B730025FC6D /* Checkbox.swift */; };
		4A3AFE05F7ED4095B9F094B4 /* Pods_Gourmate_iOS.framework in Frameworks */ = {isa = PBXBuildFile; fileRef = 045C040FB44F7EF73A915462 /* Pods_Gourmate_iOS.framework */; };
/* End PBXBuildFile section */

/* Begin PBXFileReference section */
		045C040FB44F7EF73A915462 /* Pods_Gourmate_iOS.framework */ = {isa = PBXFileReference; explicitFileType = wrapper.framework; includeInIndex = 0; path = Pods_Gourmate_iOS.framework; sourceTree = BUILT_PRODUCTS_DIR; };
		1F9153B624956FB600C45437 /* Gourmate-iOS.app */ = {isa = PBXFileReference; explicitFileType = wrapper.application; includeInIndex = 0; path = "Gourmate-iOS.app"; sourceTree = BUILT_PRODUCTS_DIR; };
		1F9153B924956FB600C45437 /* AppDelegate.swift */ = {isa = PBXFileReference; lastKnownFileType = sourcecode.swift; path = AppDelegate.swift; sourceTree = "<group>"; };
		1F9153BB24956FB600C45437 /* SceneDelegate.swift */ = {isa = PBXFileReference; lastKnownFileType = sourcecode.swift; path = SceneDelegate.swift; sourceTree = "<group>"; };
		1F9153BD24956FB600C45437 /* SignInViewController.swift */ = {isa = PBXFileReference; lastKnownFileType = sourcecode.swift; path = SignInViewController.swift; sourceTree = "<group>"; };
		1F9153C024956FB600C45437 /* Base */ = {isa = PBXFileReference; lastKnownFileType = file.storyboard; name = Base; path = Base.lproj/Main.storyboard; sourceTree = "<group>"; };
		1F9153C324956FB600C45437 /* Gourmate_iOS.xcdatamodel */ = {isa = PBXFileReference; lastKnownFileType = wrapper.xcdatamodel; path = Gourmate_iOS.xcdatamodel; sourceTree = "<group>"; };
		1F9153C524956FB700C45437 /* Assets.xcassets */ = {isa = PBXFileReference; lastKnownFileType = folder.assetcatalog; path = Assets.xcassets; sourceTree = "<group>"; };
		1F9153C824956FB700C45437 /* Base */ = {isa = PBXFileReference; lastKnownFileType = file.storyboard; name = Base; path = Base.lproj/LaunchScreen.storyboard; sourceTree = "<group>"; };
		1F9153CA24956FB800C45437 /* Info.plist */ = {isa = PBXFileReference; lastKnownFileType = text.plist.xml; path = Info.plist; sourceTree = "<group>"; };
		34229364249BC5B00054368B /* SettingsViewController.swift */ = {isa = PBXFileReference; lastKnownFileType = sourcecode.swift; path = SettingsViewController.swift; sourceTree = "<group>"; };
		342293BE24A566B50054368B /* NewUserViewController.swift */ = {isa = PBXFileReference; lastKnownFileType = sourcecode.swift; path = NewUserViewController.swift; sourceTree = "<group>"; };
		342293C024A5686C0054368B /* UILabelPadding.swift */ = {isa = PBXFileReference; lastKnownFileType = sourcecode.swift; path = UILabelPadding.swift; sourceTree = "<group>"; };
		34F909C624AA49ED0025FC6D /* GoogleService-info.plist */ = {isa = PBXFileReference; fileEncoding = 4; lastKnownFileType = text.plist.xml; path = "GoogleService-info.plist"; sourceTree = "<group>"; };
		34F909C824AA4B730025FC6D /* Checkbox.swift */ = {isa = PBXFileReference; lastKnownFileType = sourcecode.swift; path = Checkbox.swift; sourceTree = "<group>"; };
		50AD52FE2C5175E85B34AE72 /* Pods-Gourmate-iOS.release.xcconfig */ = {isa = PBXFileReference; includeInIndex = 1; lastKnownFileType = text.xcconfig; name = "Pods-Gourmate-iOS.release.xcconfig"; path = "Target Support Files/Pods-Gourmate-iOS/Pods-Gourmate-iOS.release.xcconfig"; sourceTree = "<group>"; };
		5C7DEF5834B7799A7C294666 /* Pods-Gourmate-iOS.debug.xcconfig */ = {isa = PBXFileReference; includeInIndex = 1; lastKnownFileType = text.xcconfig; name = "Pods-Gourmate-iOS.debug.xcconfig"; path = "Target Support Files/Pods-Gourmate-iOS/Pods-Gourmate-iOS.debug.xcconfig"; sourceTree = "<group>"; };
/* End PBXFileReference section */

/* Begin PBXFrameworksBuildPhase section */
		1F9153B324956FB600C45437 /* Frameworks */ = {
			isa = PBXFrameworksBuildPhase;
			buildActionMask = 2147483647;
			files = (
				4A3AFE05F7ED4095B9F094B4 /* Pods_Gourmate_iOS.framework in Frameworks */,
			);
			runOnlyForDeploymentPostprocessing = 0;
		};
/* End PBXFrameworksBuildPhase section */

/* Begin PBXGroup section */
		1F9153AD24956FB600C45437 = {
			isa = PBXGroup;
			children = (
				1F9153B824956FB600C45437 /* Gourmate-iOS */,
				1F9153B724956FB600C45437 /* Products */,
				C685521C31225AFD2C1D9760 /* Pods */,
				7FD0AAF20E7B3B6A1D84295C /* Frameworks */,
			);
			sourceTree = "<group>";
		};
		1F9153B724956FB600C45437 /* Products */ = {
			isa = PBXGroup;
			children = (
				1F9153B624956FB600C45437 /* Gourmate-iOS.app */,
			);
			name = Products;
			sourceTree = "<group>";
		};
		1F9153B824956FB600C45437 /* Gourmate-iOS */ = {
			isa = PBXGroup;
			children = (
				1F9153B924956FB600C45437 /* AppDelegate.swift */,
				1F9153BB24956FB600C45437 /* SceneDelegate.swift */,
				1F9153BD24956FB600C45437 /* SignInViewController.swift */,
				1F9153BF24956FB600C45437 /* Main.storyboard */,
				34229364249BC5B00054368B /* SettingsViewController.swift */,
				1F9153C524956FB700C45437 /* Assets.xcassets */,
				1F9153C724956FB700C45437 /* LaunchScreen.storyboard */,
				1F9153CA24956FB800C45437 /* Info.plist */,
				34F909C624AA49ED0025FC6D /* GoogleService-info.plist */,
				1F9153C224956FB600C45437 /* Gourmate_iOS.xcdatamodeld */,
				342293BE24A566B50054368B /* NewUserViewController.swift */,
				342293C024A5686C0054368B /* UILabelPadding.swift */,
				34F909C824AA4B730025FC6D /* Checkbox.swift */,
			);
			path = "Gourmate-iOS";
			sourceTree = "<group>";
		};
		7FD0AAF20E7B3B6A1D84295C /* Frameworks */ = {
			isa = PBXGroup;
			children = (
				045C040FB44F7EF73A915462 /* Pods_Gourmate_iOS.framework */,
			);
			name = Frameworks;
			sourceTree = "<group>";
		};
		C685521C31225AFD2C1D9760 /* Pods */ = {
			isa = PBXGroup;
			children = (
				5C7DEF5834B7799A7C294666 /* Pods-Gourmate-iOS.debug.xcconfig */,
				50AD52FE2C5175E85B34AE72 /* Pods-Gourmate-iOS.release.xcconfig */,
			);
			path = Pods;
			sourceTree = "<group>";
		};
/* End PBXGroup section */

/* Begin PBXNativeTarget section */
		1F9153B524956FB600C45437 /* Gourmate-iOS */ = {
			isa = PBXNativeTarget;
			buildConfigurationList = 1F9153CD24956FB800C45437 /* Build configuration list for PBXNativeTarget "Gourmate-iOS" */;
			buildPhases = (
				4E7949C9AC80E332CB9188BC /* [CP] Check Pods Manifest.lock */,
				1F9153B224956FB600C45437 /* Sources */,
				1F9153B324956FB600C45437 /* Frameworks */,
				1F9153B424956FB600C45437 /* Resources */,
				C0E5EC5205639013D9074BB5 /* [CP] Embed Pods Frameworks */,
			);
			buildRules = (
			);
			dependencies = (
			);
			name = "Gourmate-iOS";
			productName = "Gourmate-iOS";
			productReference = 1F9153B624956FB600C45437 /* Gourmate-iOS.app */;
			productType = "com.apple.product-type.application";
		};
/* End PBXNativeTarget section */

/* Begin PBXProject section */
		1F9153AE24956FB600C45437 /* Project object */ = {
			isa = PBXProject;
			attributes = {
				LastSwiftUpdateCheck = 1150;
				LastUpgradeCheck = 1150;
				ORGANIZATIONNAME = utexas;
				TargetAttributes = {
					1F9153B524956FB600C45437 = {
						CreatedOnToolsVersion = 11.5;
					};
				};
			};
			buildConfigurationList = 1F9153B124956FB600C45437 /* Build configuration list for PBXProject "Gourmate-iOS" */;
			compatibilityVersion = "Xcode 9.3";
			developmentRegion = en;
			hasScannedForEncodings = 0;
			knownRegions = (
				en,
				Base,
			);
			mainGroup = 1F9153AD24956FB600C45437;
			productRefGroup = 1F9153B724956FB600C45437 /* Products */;
			projectDirPath = "";
			projectRoot = "";
			targets = (
				1F9153B524956FB600C45437 /* Gourmate-iOS */,
			);
		};
/* End PBXProject section */

/* Begin PBXResourcesBuildPhase section */
		1F9153B424956FB600C45437 /* Resources */ = {
			isa = PBXResourcesBuildPhase;
			buildActionMask = 2147483647;
			files = (
				1F9153C924956FB700C45437 /* LaunchScreen.storyboard in Resources */,
				34F909C724AA49ED0025FC6D /* GoogleService-info.plist in Resources */,
				1F9153C624956FB700C45437 /* Assets.xcassets in Resources */,
				1F9153C124956FB600C45437 /* Main.storyboard in Resources */,
			);
			runOnlyForDeploymentPostprocessing = 0;
		};
/* End PBXResourcesBuildPhase section */

/* Begin PBXShellScriptBuildPhase section */
		4E7949C9AC80E332CB9188BC /* [CP] Check Pods Manifest.lock */ = {
			isa = PBXShellScriptBuildPhase;
			buildActionMask = 2147483647;
			files = (
			);
			inputFileListPaths = (
			);
			inputPaths = (
				"${PODS_PODFILE_DIR_PATH}/Podfile.lock",
				"${PODS_ROOT}/Manifest.lock",
			);
			name = "[CP] Check Pods Manifest.lock";
			outputFileListPaths = (
			);
			outputPaths = (
				"$(DERIVED_FILE_DIR)/Pods-Gourmate-iOS-checkManifestLockResult.txt",
			);
			runOnlyForDeploymentPostprocessing = 0;
			shellPath = /bin/sh;
			shellScript = "diff \"${PODS_PODFILE_DIR_PATH}/Podfile.lock\" \"${PODS_ROOT}/Manifest.lock\" > /dev/null\nif [ $? != 0 ] ; then\n    # print error to STDERR\n    echo \"error: The sandbox is not in sync with the Podfile.lock. Run 'pod install' or update your CocoaPods installation.\" >&2\n    exit 1\nfi\n# This output is used by Xcode 'outputs' to avoid re-running this script phase.\necho \"SUCCESS\" > \"${SCRIPT_OUTPUT_FILE_0}\"\n";
			showEnvVarsInLog = 0;
		};
		C0E5EC5205639013D9074BB5 /* [CP] Embed Pods Frameworks */ = {
			isa = PBXShellScriptBuildPhase;
			buildActionMask = 2147483647;
			files = (
			);
			inputFileListPaths = (
				"${PODS_ROOT}/Target Support Files/Pods-Gourmate-iOS/Pods-Gourmate-iOS-frameworks-${CONFIGURATION}-input-files.xcfilelist",
			);
			name = "[CP] Embed Pods Frameworks";
			outputFileListPaths = (
				"${PODS_ROOT}/Target Support Files/Pods-Gourmate-iOS/Pods-Gourmate-iOS-frameworks-${CONFIGURATION}-output-files.xcfilelist",
			);
			runOnlyForDeploymentPostprocessing = 0;
			shellPath = /bin/sh;
			shellScript = "\"${PODS_ROOT}/Target Support Files/Pods-Gourmate-iOS/Pods-Gourmate-iOS-frameworks.sh\"\n";
			showEnvVarsInLog = 0;
		};
/* End PBXShellScriptBuildPhase section */

/* Begin PBXSourcesBuildPhase section */
		1F9153B224956FB600C45437 /* Sources */ = {
			isa = PBXSourcesBuildPhase;
			buildActionMask = 2147483647;
			files = (
				34F909C924AA4B730025FC6D /* Checkbox.swift in Sources */,
				1F9153BE24956FB600C45437 /* SignInViewController.swift in Sources */,
				342293C124A5686C0054368B /* UILabelPadding.swift in Sources */,
				1F9153BA24956FB600C45437 /* AppDelegate.swift in Sources */,
				1F9153BC24956FB600C45437 /* SceneDelegate.swift in Sources */,
				34229365249BC5B00054368B /* SettingsViewController.swift in Sources */,
				342293BF24A566B50054368B /* NewUserViewController.swift in Sources */,
				1F9153C424956FB600C45437 /* Gourmate_iOS.xcdatamodeld in Sources */,
			);
			runOnlyForDeploymentPostprocessing = 0;
		};
/* End PBXSourcesBuildPhase section */

/* Begin PBXVariantGroup section */
		1F9153BF24956FB600C45437 /* Main.storyboard */ = {
			isa = PBXVariantGroup;
			children = (
				1F9153C024956FB600C45437 /* Base */,
			);
			name = Main.storyboard;
			sourceTree = "<group>";
		};
		1F9153C724956FB700C45437 /* LaunchScreen.storyboard */ = {
			isa = PBXVariantGroup;
			children = (
				1F9153C824956FB700C45437 /* Base */,
			);
			name = LaunchScreen.storyboard;
			sourceTree = "<group>";
		};
/* End PBXVariantGroup section */

/* Begin XCBuildConfiguration section */
		1F9153CB24956FB800C45437 /* Debug */ = {
			isa = XCBuildConfiguration;
			buildSettings = {
				ALWAYS_SEARCH_USER_PATHS = NO;
				CLANG_ANALYZER_NONNULL = YES;
				CLANG_ANALYZER_NUMBER_OBJECT_CONVERSION = YES_AGGRESSIVE;
				CLANG_CXX_LANGUAGE_STANDARD = "gnu++14";
				CLANG_CXX_LIBRARY = "libc++";
				CLANG_ENABLE_MODULES = YES;
				CLANG_ENABLE_OBJC_ARC = YES;
				CLANG_ENABLE_OBJC_WEAK = YES;
				CLANG_WARN_BLOCK_CAPTURE_AUTORELEASING = YES;
				CLANG_WARN_BOOL_CONVERSION = YES;
				CLANG_WARN_COMMA = YES;
				CLANG_WARN_CONSTANT_CONVERSION = YES;
				CLANG_WARN_DEPRECATED_OBJC_IMPLEMENTATIONS = YES;
				CLANG_WARN_DIRECT_OBJC_ISA_USAGE = YES_ERROR;
				CLANG_WARN_DOCUMENTATION_COMMENTS = YES;
				CLANG_WARN_EMPTY_BODY = YES;
				CLANG_WARN_ENUM_CONVERSION = YES;
				CLANG_WARN_INFINITE_RECURSION = YES;
				CLANG_WARN_INT_CONVERSION = YES;
				CLANG_WARN_NON_LITERAL_NULL_CONVERSION = YES;
				CLANG_WARN_OBJC_IMPLICIT_RETAIN_SELF = YES;
				CLANG_WARN_OBJC_LITERAL_CONVERSION = YES;
				CLANG_WARN_OBJC_ROOT_CLASS = YES_ERROR;
				CLANG_WARN_RANGE_LOOP_ANALYSIS = YES;
				CLANG_WARN_STRICT_PROTOTYPES = YES;
				CLANG_WARN_SUSPICIOUS_MOVE = YES;
				CLANG_WARN_UNGUARDED_AVAILABILITY = YES_AGGRESSIVE;
				CLANG_WARN_UNREACHABLE_CODE = YES;
				CLANG_WARN__DUPLICATE_METHOD_MATCH = YES;
				COPY_PHASE_STRIP = NO;
				DEBUG_INFORMATION_FORMAT = dwarf;
				ENABLE_STRICT_OBJC_MSGSEND = YES;
				ENABLE_TESTABILITY = YES;
				GCC_C_LANGUAGE_STANDARD = gnu11;
				GCC_DYNAMIC_NO_PIC = NO;
				GCC_NO_COMMON_BLOCKS = YES;
				GCC_OPTIMIZATION_LEVEL = 0;
				GCC_PREPROCESSOR_DEFINITIONS = (
					"DEBUG=1",
					"$(inherited)",
				);
				GCC_WARN_64_TO_32_BIT_CONVERSION = YES;
				GCC_WARN_ABOUT_RETURN_TYPE = YES_ERROR;
				GCC_WARN_UNDECLARED_SELECTOR = YES;
				GCC_WARN_UNINITIALIZED_AUTOS = YES_AGGRESSIVE;
				GCC_WARN_UNUSED_FUNCTION = YES;
				GCC_WARN_UNUSED_VARIABLE = YES;
				IPHONEOS_DEPLOYMENT_TARGET = 13.5;
				MTL_ENABLE_DEBUG_INFO = INCLUDE_SOURCE;
				MTL_FAST_MATH = YES;
				ONLY_ACTIVE_ARCH = YES;
				SDKROOT = iphoneos;
				SWIFT_ACTIVE_COMPILATION_CONDITIONS = DEBUG;
				SWIFT_OPTIMIZATION_LEVEL = "-Onone";
			};
			name = Debug;
		};
		1F9153CC24956FB800C45437 /* Release */ = {
			isa = XCBuildConfiguration;
			buildSettings = {
				ALWAYS_SEARCH_USER_PATHS = NO;
				CLANG_ANALYZER_NONNULL = YES;
				CLANG_ANALYZER_NUMBER_OBJECT_CONVERSION = YES_AGGRESSIVE;
				CLANG_CXX_LANGUAGE_STANDARD = "gnu++14";
				CLANG_CXX_LIBRARY = "libc++";
				CLANG_ENABLE_MODULES = YES;
				CLANG_ENABLE_OBJC_ARC = YES;
				CLANG_ENABLE_OBJC_WEAK = YES;
				CLANG_WARN_BLOCK_CAPTURE_AUTORELEASING = YES;
				CLANG_WARN_BOOL_CONVERSION = YES;
				CLANG_WARN_COMMA = YES;
				CLANG_WARN_CONSTANT_CONVERSION = YES;
				CLANG_WARN_DEPRECATED_OBJC_IMPLEMENTATIONS = YES;
				CLANG_WARN_DIRECT_OBJC_ISA_USAGE = YES_ERROR;
				CLANG_WARN_DOCUMENTATION_COMMENTS = YES;
				CLANG_WARN_EMPTY_BODY = YES;
				CLANG_WARN_ENUM_CONVERSION = YES;
				CLANG_WARN_INFINITE_RECURSION = YES;
				CLANG_WARN_INT_CONVERSION = YES;
				CLANG_WARN_NON_LITERAL_NULL_CONVERSION = YES;
				CLANG_WARN_OBJC_IMPLICIT_RETAIN_SELF = YES;
				CLANG_WARN_OBJC_LITERAL_CONVERSION = YES;
				CLANG_WARN_OBJC_ROOT_CLASS = YES_ERROR;
				CLANG_WARN_RANGE_LOOP_ANALYSIS = YES;
				CLANG_WARN_STRICT_PROTOTYPES = YES;
				CLANG_WARN_SUSPICIOUS_MOVE = YES;
				CLANG_WARN_UNGUARDED_AVAILABILITY = YES_AGGRESSIVE;
				CLANG_WARN_UNREACHABLE_CODE = YES;
				CLANG_WARN__DUPLICATE_METHOD_MATCH = YES;
				COPY_PHASE_STRIP = NO;
				DEBUG_INFORMATION_FORMAT = "dwarf-with-dsym";
				ENABLE_NS_ASSERTIONS = NO;
				ENABLE_STRICT_OBJC_MSGSEND = YES;
				GCC_C_LANGUAGE_STANDARD = gnu11;
				GCC_NO_COMMON_BLOCKS = YES;
				GCC_WARN_64_TO_32_BIT_CONVERSION = YES;
				GCC_WARN_ABOUT_RETURN_TYPE = YES_ERROR;
				GCC_WARN_UNDECLARED_SELECTOR = YES;
				GCC_WARN_UNINITIALIZED_AUTOS = YES_AGGRESSIVE;
				GCC_WARN_UNUSED_FUNCTION = YES;
				GCC_WARN_UNUSED_VARIABLE = YES;
				IPHONEOS_DEPLOYMENT_TARGET = 13.5;
				MTL_ENABLE_DEBUG_INFO = NO;
				MTL_FAST_MATH = YES;
				SDKROOT = iphoneos;
				SWIFT_COMPILATION_MODE = wholemodule;
				SWIFT_OPTIMIZATION_LEVEL = "-O";
				VALIDATE_PRODUCT = YES;
			};
			name = Release;
		};
		1F9153CE24956FB800C45437 /* Debug */ = {
			isa = XCBuildConfiguration;
			baseConfigurationReference = 5C7DEF5834B7799A7C294666 /* Pods-Gourmate-iOS.debug.xcconfig */;
			buildSettings = {
				ASSETCATALOG_COMPILER_APPICON_NAME = AppIcon;
				CODE_SIGN_STYLE = Automatic;
				INFOPLIST_FILE = "Gourmate-iOS/Info.plist";
				IPHONEOS_DEPLOYMENT_TARGET = 13.2;
				LD_RUNPATH_SEARCH_PATHS = (
					"$(inherited)",
					"@executable_path/Frameworks",
				);
				PRODUCT_BUNDLE_IDENTIFIER = "sriram-jennifer.Gourmate-iOS";
				PRODUCT_NAME = "$(TARGET_NAME)";
				SWIFT_VERSION = 5.0;
				TARGETED_DEVICE_FAMILY = "1,2";
			};
			name = Debug;
		};
		1F9153CF24956FB800C45437 /* Release */ = {
			isa = XCBuildConfiguration;
			baseConfigurationReference = 50AD52FE2C5175E85B34AE72 /* Pods-Gourmate-iOS.release.xcconfig */;
			buildSettings = {
				ASSETCATALOG_COMPILER_APPICON_NAME = AppIcon;
				CODE_SIGN_STYLE = Automatic;
				INFOPLIST_FILE = "Gourmate-iOS/Info.plist";
				IPHONEOS_DEPLOYMENT_TARGET = 13.2;
				LD_RUNPATH_SEARCH_PATHS = (
					"$(inherited)",
					"@executable_path/Frameworks",
				);
				PRODUCT_BUNDLE_IDENTIFIER = "sriram-jennifer.Gourmate-iOS";
				PRODUCT_NAME = "$(TARGET_NAME)";
				SWIFT_VERSION = 5.0;
				TARGETED_DEVICE_FAMILY = "1,2";
			};
			name = Release;
		};
/* End XCBuildConfiguration section */

/* Begin XCConfigurationList section */
		1F9153B124956FB600C45437 /* Build configuration list for PBXProject "Gourmate-iOS" */ = {
			isa = XCConfigurationList;
			buildConfigurations = (
				1F9153CB24956FB800C45437 /* Debug */,
				1F9153CC24956FB800C45437 /* Release */,
			);
			defaultConfigurationIsVisible = 0;
			defaultConfigurationName = Release;
		};
		1F9153CD24956FB800C45437 /* Build configuration list for PBXNativeTarget "Gourmate-iOS" */ = {
			isa = XCConfigurationList;
			buildConfigurations = (
				1F9153CE24956FB800C45437 /* Debug */,
				1F9153CF24956FB800C45437 /* Release */,
			);
			defaultConfigurationIsVisible = 0;
			defaultConfigurationName = Release;
		};
/* End XCConfigurationList section */

/* Begin XCVersionGroup section */
		1F9153C224956FB600C45437 /* Gourmate_iOS.xcdatamodeld */ = {
			isa = XCVersionGroup;
			children = (
				1F9153C324956FB600C45437 /* Gourmate_iOS.xcdatamodel */,
			);
			currentVersion = 1F9153C324956FB600C45437 /* Gourmate_iOS.xcdatamodel */;
			path = Gourmate_iOS.xcdatamodeld;
			sourceTree = "<group>";
			versionGroupType = wrapper.xcdatamodel;
		};
/* End XCVersionGroup section */
	};
	rootObject = 1F9153AE24956FB600C45437 /* Project object */;
}
